
Microsoft Visual Studio Solution File, Format Version 12.00
# Visual Studio 15
VisualStudioVersion = 15.0.28307.902
MinimumVisualStudioVersion = 10.0.40219.1
Project("{FAE04EC0-301F-11D3-BF4B-00C04F79EFBC}") = "WebAPI", "WebAPI\WebAPI.csproj", "{FAB9DEE0-92B0-49F1-AFFD-6C996ADC18B2}"
EndProject
Project("{FAE04EC0-301F-11D3-BF4B-00C04F79EFBC}") = "WebRefit", "WebRefit\WebRefit.csproj", "{AE5A4356-5053-417F-BEA3-9673D09EBFEE}"
EndProject
Global
	GlobalSection(SolutionConfigurationPlatforms) = preSolution
		Debug|Any CPU = Debug|Any CPU
		Release|Any CPU = Release|Any CPU
	EndGlobalSection
	GlobalSection(ProjectConfigurationPlatforms) = postSolution
		{FAB9DEE0-92B0-49F1-AFFD-6C996ADC18B2}.Debug|Any CPU.ActiveCfg = Debug|Any CPU
		{FAB9DEE0-92B0-49F1-AFFD-6C996ADC18B2}.Debug|Any CPU.Build.0 = Debug|Any CPU
		{FAB9DEE0-92B0-49F1-AFFD-6C996ADC18B2}.Release|Any CPU.ActiveCfg = Release|Any CPU
		{FAB9DEE0-92B0-49F1-AFFD-6C996ADC18B2}.Release|Any CPU.Build.0 = Release|Any CPU
		{AE5A4356-5053-417F-BEA3-9673D09EBFEE}.Debug|Any CPU.ActiveCfg = Debug|Any CPU
		{AE5A4356-5053-417F-BEA3-9673D09EBFEE}.Debug|Any CPU.Build.0 = Debug|Any CPU
		{AE5A4356-5053-417F-BEA3-9673D09EBFEE}.Release|Any CPU.ActiveCfg = Release|Any CPU
		{AE5A4356-5053-417F-BEA3-9673D09EBFEE}.Release|Any CPU.Build.0 = Release|Any CPU
	EndGlobalSection
	GlobalSection(SolutionProperties) = preSolution
		HideSolutionNode = FALSE
	EndGlobalSection
	GlobalSection(ExtensibilityGlobals) = postSolution
		SolutionGuid = {C6CFCB6A-6D8F-4FFC-9780-FD1C7ED81C7C}
	EndGlobalSection
EndGlobal
